{
  "name": "docker-project",
  "version": "1.0.0",
  "lockfileVersion": 3,
  "requires": true,
  "packages": {
    "": {
      "name": "docker-project",
      "version": "1.0.0",
      "dependencies": {
        "express": "^5.1.0",
        "pg": "^8.16.3",
        "redis": "^5.8.2"
      }
    },
    "node_modules/express": {
      "version": "5.1.0",
      "resolved": "https://registry.npmjs.org/express/-/express-5.1.0.tgz",
      "license": "MIT",
      "engines": {
        "node": ">= 18"
      }
    },
    "node_modules/pg": {
      "version": "8.16.3",
      "resolved": "https://registry.npmjs.org/pg/-/pg-8.16.3.tgz",
      "license": "MIT",
      "engines": {
        "node": ">= 16.0.0"
      }
    },
    "node_modules/redis": {
      "version": "5.8.2",
      "resolved": "https://registry.npmjs.org/redis/-/redis-5.8.2.tgz",
      "license": "MIT",
      "engines": {
        "node": ">= 18"
      }
    }
  }
}
