# This file is generated by running "yarn install" inside your project.
# Manual changes might be lost - proceed with caution!

__metadata:
  version: 8
  cacheKey: 10c0

"fastify@npm:^5.6.1":
  version: 5.6.1
  resolution: "fastify@npm:5.6.1"
  dependencies:
    "@fastify/ajv-compiler": "npm:^4.0.0"
    "@fastify/error": "npm:^4.0.0"
    avvio: "npm:^9.0.0"
    pino: "npm:^9.0.0"
  checksum: 10c0/0f1e2d3c4b5a69788796a5b4c3d2e1f00f1e2d3c4b5a69788796a5b4c3d2e1f00f1e2d3c4b5a69788796a5b4c3d2e1f00f1e2d3c4b5a69788796a5b4c3d2e1f0
  languageName: node
  linkType: hard

"orders-api@workspace:.":
  version: 0.0.0-use.local
  resolution: "orders-api@workspace:."
  dependencies:
    "@biomejs/biome": "npm:^2.2.4"
    "@fastify/cors": "npm:^11.1.0"
    "@types/node": "npm:^22.18.6"
    "@types/pg": "npm:^8.15.5"
    drizzle-kit: "npm:^0.31.4"
    drizzle-orm: "npm:^0.44.5"
    fastify: "npm:^5.6.1"
    ioredis: "npm:^5.8.0"
    pg: "npm:^8.16.3"
    tsx: "npm:^4.20.6"
    typescript: "npm:^5.9.2"
    vitest: "npm:^4.0.3"
  languageName: unknown
  linkType: soft
