{
  "name": "express-api",
  "version": "1.0.0",
  "lockfileVersion": 3,
  "requires": true,
  "packages": {
    "": {
      "name": "express-api",
      "version": "1.0.0",
      "license": "ISC",
      "dependencies": {
        "dotenv": "^17.2.2",
        "express": "^5.1.0",
        "mongoose": "^8.18.2"
      }
    },
    "node_modules/dotenv": {
      "version": "17.2.2",
      "resolved": "https://registry.npmjs.org/dotenv/-/dotenv-17.2.2.tgz",
      "license": "BSD-2-Clause",
      "engines": {
        "node": ">=12"
      }
    },
    "node_modules/express": {
      "version": "5.1.0",
      "resolved": "https://registry.npmjs.org/express/-/express-5.1.0.tgz",
      "license": "MIT",
      "engines": {
        "node": ">= 18"
      }
    },
    "node_modules/mongoose": {
      "version": "8.18.2",
      "resolved": "https://registry.npmjs.org/mongoose/-/mongoose-8.18.2.tgz",
      "license": "MIT",
      "engines": {
        "node": ">=16.20.1"
      }
    }
  }
}
