github.com/bytedance/sonic v1.14.1 h1:RWhYIO/5hkx9Md7cUC6XSBaBn2oAQttqauCbsLekRXM=
github.com/bytedance/sonic v1.14.1/go.mod h1:M1E3/Ocn0CNfrRTxiDpaQKhnFkLSVh7B3DRJoba9Eik=
github.com/cespare/xxhash/v2 v2.3.0 h1:cEkSuaLJNyJ22KL0pHWA1JOBnPFxEqxl1WX5mOaDqO4=
github.com/cespare/xxhash/v2 v2.3.0/go.mod h1:IdfME7Flf9GDnKr+/9XKKd9pjMfA+woI8QZczuWK23I=
github.com/dgryski/go-rendezvous v0.0.0-20200823014737-9f7001d12a5f h1:v7WVxl5h1MdvjlnjwOsicOdMZ+edtQo96uHzzdEjKlQ=
github.com/dgryski/go-rendezvous v0.0.0-20200823014737-9f7001d12a5f/go.mod h1:Zaxo4uFqWxNSZouBd2UKmWHvcw9AlPeqIeCCWXTYXl8=
github.com/gin-gonic/gin v1.11.0 h1:dspFGdMeOpL12eHyQpvqGaH85j+LhccZUA4L8bp21ig=
github.com/gin-gonic/gin v1.11.0/go.mod h1:z/aydPO2YPLXZGWzd+zQsiEO2Nf1qpQRd6upceen3Y8=
github.com/go-playground/validator/v10 v10.27.0 h1:8eyDXIt7Y4LkA3Usk3I83yCf6/rmNj2wsRXuog7Dhzg=
github.com/go-playground/validator/v10 v10.27.0/go.mod h1:TPFs911xn2lJIr/5ZPPyh+EnLJyBsv5RgZ16s5O7uOE=
github.com/jackc/pgpassfile v1.0.0 h1:y+mKnFwwgeSgLm633MMGZjOZbuk2R2xNBUX/fKQoxoU=
github.com/jackc/pgpassfile v1.0.0/go.mod h1:noyOUTy9nB7I641aBNdiPAXq93y7+qEaPHwzqVN9aWM=
github.com/jackc/pgservicefile v0.0.0-20240606120523-5a60cdf6a761 h1:iSdM0cLbSIWJkJY1s1nNgvxP0plyJlJOmsMyoFJCRK0=
github.com/jackc/pgservicefile v0.0.0-20240606120523-5a60cdf6a761/go.mod h1:fYxg0Vn98lHyEInw1FjMCH4KUwUpFMi0mOXBzZ1i514=
github.com/jackc/pgx/v5 v5.7.6 h1:erFUhpmWoFfqesse3sN3tRxarnjI4OjebgvSpgQdDxE=
github.com/jackc/pgx/v5 v5.7.6/go.mod h1:xnh8YKTxwy5KCQuCPHAZB/rWCvm+2rS7pp87RO+j/m4=
github.com/jackc/puddle/v2 v2.2.2 h1:dvpHFoPKeQnN+I91xElNaOhkYEtWUHYnq9MSNLJubHA=
github.com/jackc/puddle/v2 v2.2.2/go.mod h1:A4Sr+RKk2XaexcgRj3A0P9GFzL62RGnl90/0YkYwWdk=
github.com/redis/go-redis/v9 v9.14.0 h1:RqA1grygsW7klIazvgh2KVuEhKmM2Lbq22R+lwPgRHM=
github.com/redis/go-redis/v9 v9.14.0/go.mod h1:yNiyxdOlp2WvPixhEMy1wYsZ7ApWSP9F+c8DnVBBO1A=
